
Microsoft Visual Studio Solution File, Format Version 12.00
# Visual Studio Version 17
VisualStudioVersion = 17.0.31903.59
MinimumVisualStudioVersion = 10.0.40219.1
Project("{FAE04EC0-301F-11D3-BF4B-00C04F79EFBC}") = "VRRecorder.Domain", "src\VRRecorder.Domain\VRRecorder.Domain.csproj", "{9CB8E45F-E554-498C-ACD1-FB4D598AE7C1}"
EndProject
Project("{FAE04EC0-301F-11D3-BF4B-00C04F79EFBC}") = "VRRecorder.Domain.Tests", "tests\VRRecorder.Domain.Tests\VRRecorder.Domain.Tests.csproj", "{39C543E6-93C5-40CC-B254-A7049ED6CBB9}"
EndProject
Project("{FAE04EC0-301F-11D3-BF4B-00C04F79EFBC}") = "VRRecorder.Compliance", "src\VRRecorder.Compliance\VRRecorder.Compliance.csproj", "{78532DF2-5958-4D30-AD7C-8585AA50A942}"
EndProject
Project("{FAE04EC0-301F-11D3-BF4B-00C04F79EFBC}") = "VRRecorder.Compliance.Tests", "tests\VRRecorder.Compliance.Tests\VRRecorder.Compliance.Tests.csproj", "{E03EE291-8A87-4349-8062-D091E3B4ED76}"
EndProject
Project("{FAE04EC0-301F-11D3-BF4B-00C04F79EFBC}") = "VRRecorder.Application", "src\VRRecorder.Application\VRRecorder.Application.csproj", "{AD80862B-C50B-4617-B358-65191398C5F0}"
EndProject
Project("{FAE04EC0-301F-11D3-BF4B-00C04F79EFBC}") = "VRRecorder.Application.Tests", "tests\VRRecorder.Application.Tests\VRRecorder.Application.Tests.csproj", "{E7861554-29C4-4E1A-B3AE-5ED0BF309AD4}"
EndProject
Global
	GlobalSection(SolutionConfigurationPlatforms) = preSolution
		Debug|Any CPU = Debug|Any CPU
		Release|Any CPU = Release|Any CPU
	EndGlobalSection
	GlobalSection(ProjectConfigurationPlatforms) = postSolution
		{9CB8E45F-E554-498C-ACD1-FB4D598AE7C1}.Debug|Any CPU.ActiveCfg = Debug|Any CPU
		{9CB8E45F-E554-498C-ACD1-FB4D598AE7C1}.Debug|Any CPU.Build.0 = Debug|Any CPU
		{9CB8E45F-E554-498C-ACD1-FB4D598AE7C1}.Release|Any CPU.ActiveCfg = Release|Any CPU
		{9CB8E45F-E554-498C-ACD1-FB4D598AE7C1}.Release|Any CPU.Build.0 = Release|Any CPU
		{39C543E6-93C5-40CC-B254-A7049ED6CBB9}.Debug|Any CPU.ActiveCfg = Debug|Any CPU
		{39C543E6-93C5-40CC-B254-A7049ED6CBB9}.Debug|Any CPU.Build.0 = Debug|Any CPU
		{39C543E6-93C5-40CC-B254-A7049ED6CBB9}.Release|Any CPU.ActiveCfg = Release|Any CPU
		{39C543E6-93C5-40CC-B254-A7049ED6CBB9}.Release|Any CPU.Build.0 = Release|Any CPU
		{78532DF2-5958-4D30-AD7C-8585AA50A942}.Debug|Any CPU.ActiveCfg = Debug|Any CPU
		{78532DF2-5958-4D30-AD7C-8585AA50A942}.Debug|Any CPU.Build.0 = Debug|Any CPU
		{78532DF2-5958-4D30-AD7C-8585AA50A942}.Release|Any CPU.ActiveCfg = Release|Any CPU
		{78532DF2-5958-4D30-AD7C-8585AA50A942}.Release|Any CPU.Build.0 = Release|Any CPU
		{E03EE291-8A87-4349-8062-D091E3B4ED76}.Debug|Any CPU.ActiveCfg = Debug|Any CPU
		{E03EE291-8A87-4349-8062-D091E3B4ED76}.Debug|Any CPU.Build.0 = Debug|Any CPU
		{E03EE291-8A87-4349-8062-D091E3B4ED76}.Release|Any CPU.ActiveCfg = Release|Any CPU
		{E03EE291-8A87-4349-8062-D091E3B4ED76}.Release|Any CPU.Build.0 = Release|Any CPU
		{AD80862B-C50B-4617-B358-65191398C5F0}.Debug|Any CPU.ActiveCfg = Debug|Any CPU
		{AD80862B-C50B-4617-B358-65191398C5F0}.Debug|Any CPU.Build.0 = Debug|Any CPU
		{AD80862B-C50B-4617-B358-65191398C5F0}.Release|Any CPU.ActiveCfg = Release|Any CPU
		{AD80862B-C50B-4617-B358-65191398C5F0}.Release|Any CPU.Build.0 = Release|Any CPU
		{E7861554-29C4-4E1A-B3AE-5ED0BF309AD4}.Debug|Any CPU.ActiveCfg = Debug|Any CPU
		{E7861554-29C4-4E1A-B3AE-5ED0BF309AD4}.Debug|Any CPU.Build.0 = Debug|Any CPU
		{E7861554-29C4-4E1A-B3AE-5ED0BF309AD4}.Release|Any CPU.ActiveCfg = Release|Any CPU
		{E7861554-29C4-4E1A-B3AE-5ED0BF309AD4}.Release|Any CPU.Build.0 = Release|Any CPU
	EndGlobalSection
EndGlobal
