
Microsoft Visual Studio Solution File, Format Version 12.00
# Visual Studio Version 17
VisualStudioVersion = 17.0.31903.59
MinimumVisualStudioVersion = 10.0.40219.1
Project("{FAE04EC0-301F-11D3-BF4B-00C04F79EFBC}") = "VRRecorder.Domain", "src\VRRecorder.Domain\VRRecorder.Domain.csproj", "{9CB8E45F-E554-498C-ACD1-FB4D598AE7C1}"
EndProject
Project("{FAE04EC0-301F-11D3-BF4B-00C04F79EFBC}") = "VRRecorder.Domain.Tests", "tests\VRRecorder.Domain.Tests\VRRecorder.Domain.Tests.csproj", "{39C543E6-93C5-40CC-B254-A7049ED6CBB9}"
EndProject
Project("{FAE04EC0-301F-11D3-BF4B-00C04F79EFBC}") = "VRRecorder.Compliance", "src\VRRecorder.Compliance\VRRecorder.Compliance.csproj", "{78532DF2-5958-4D30-AD7C-8585AA50A942}"
EndProject
Project("{FAE04EC0-301F-11D3-BF4B-00C04F79EFBC}") = "VRRecorder.Compliance.Tests", "tests\VRRecorder.Compliance.Tests\VRRecorder.Compliance.Tests.csproj", "{E03EE291-8A87-4349-8062-D091E3B4ED76}"
EndProject
Project("{FAE04EC0-301F-11D3-BF4B-00C04F79EFBC}") = "VRRecorder.Application", "src\VRRecorder.Application\VRRecorder.Application.csproj", "{AD80862B-C50B-4617-B358-65191398C5F0}"
EndProject
Project("{FAE04EC0-301F-11D3-BF4B-00C04F79EFBC}") = "VRRecorder.Application.Tests", "tests\VRRecorder.Application.Tests\VRRecorder.Application.Tests.csproj", "{E7861554-29C4-4E1A-B3AE-5ED0BF309AD4}"
EndProject
Project("{FAE04EC0-301F-11D3-BF4B-00C04F79EFBC}") = "VRRecorder.Infrastructure.Storage", "src\VRRecorder.Infrastructure.Storage\VRRecorder.Infrastructure.Storage.csproj", "{8AA2E66B-7D81-4F71-96A6-276CFFB089C0}"
EndProject
Project("{FAE04EC0-301F-11D3-BF4B-00C04F79EFBC}") = "VRRecorder.IntegrationTests", "tests\VRRecorder.IntegrationTests\VRRecorder.IntegrationTests.csproj", "{6B785928-C286-4B9D-B0DA-382731AEF524}"
EndProject
Project("{FAE04EC0-301F-11D3-BF4B-00C04F79EFBC}") = "VRRecorder.Infrastructure.Media", "src\VRRecorder.Infrastructure.Media\VRRecorder.Infrastructure.Media.csproj", "{43D8D1D1-4E48-4D0E-94AB-276EBAC117CB}"
EndProject
Project("{FAE04EC0-301F-11D3-BF4B-00C04F79EFBC}") = "VRRecorder.Infrastructure.Osc", "src\VRRecorder.Infrastructure.Osc\VRRecorder.Infrastructure.Osc.csproj", "{1112252D-DB87-4799-BFA7-10EDE5CB6A70}"
EndProject
Project("{FAE04EC0-301F-11D3-BF4B-00C04F79EFBC}") = "VRRecorder.DesignSystem", "src\VRRecorder.DesignSystem\VRRecorder.DesignSystem.csproj", "{AAC6BF42-F50D-48E2-9C43-B50A462CF74B}"
EndProject
Project("{FAE04EC0-301F-11D3-BF4B-00C04F79EFBC}") = "VRRecorder.Presentation.Wrist", "src\VRRecorder.Presentation.Wrist\VRRecorder.Presentation.Wrist.csproj", "{BBEB063D-0F18-4F1D-8179-35FFFB89ED60}"
EndProject
Project("{FAE04EC0-301F-11D3-BF4B-00C04F79EFBC}") = "VRRecorder.Presentation.Tests", "tests\VRRecorder.Presentation.Tests\VRRecorder.Presentation.Tests.csproj", "{C8D6F784-ADCD-4C47-8403-76F0E04E833E}"
EndProject
Project("{FAE04EC0-301F-11D3-BF4B-00C04F79EFBC}") = "VRRecorder.App", "src\VRRecorder.App\VRRecorder.App.csproj", "{0D5CDBD5-499B-45B2-9A35-324884433709}"
EndProject
Project("{FAE04EC0-301F-11D3-BF4B-00C04F79EFBC}") = "VRRecorder.Infrastructure.SteamVr", "src\VRRecorder.Infrastructure.SteamVr\VRRecorder.Infrastructure.SteamVr.csproj", "{D46AF283-D538-4D3C-BDD7-33AAFD1395BD}"
EndProject
Global
	GlobalSection(SolutionConfigurationPlatforms) = preSolution
		Debug|Any CPU = Debug|Any CPU
		Release|Any CPU = Release|Any CPU
	EndGlobalSection
	GlobalSection(ProjectConfigurationPlatforms) = postSolution
		{9CB8E45F-E554-498C-ACD1-FB4D598AE7C1}.Debug|Any CPU.ActiveCfg = Debug|Any CPU
		{9CB8E45F-E554-498C-ACD1-FB4D598AE7C1}.Debug|Any CPU.Build.0 = Debug|Any CPU
		{9CB8E45F-E554-498C-ACD1-FB4D598AE7C1}.Release|Any CPU.ActiveCfg = Release|Any CPU
		{9CB8E45F-E554-498C-ACD1-FB4D598AE7C1}.Release|Any CPU.Build.0 = Release|Any CPU
		{39C543E6-93C5-40CC-B254-A7049ED6CBB9}.Debug|Any CPU.ActiveCfg = Debug|Any CPU
		{39C543E6-93C5-40CC-B254-A7049ED6CBB9}.Debug|Any CPU.Build.0 = Debug|Any CPU
		{39C543E6-93C5-40CC-B254-A7049ED6CBB9}.Release|Any CPU.ActiveCfg = Release|Any CPU
		{39C543E6-93C5-40CC-B254-A7049ED6CBB9}.Release|Any CPU.Build.0 = Release|Any CPU
		{78532DF2-5958-4D30-AD7C-8585AA50A942}.Debug|Any CPU.ActiveCfg = Debug|Any CPU
		{78532DF2-5958-4D30-AD7C-8585AA50A942}.Debug|Any CPU.Build.0 = Debug|Any CPU
		{78532DF2-5958-4D30-AD7C-8585AA50A942}.Release|Any CPU.ActiveCfg = Release|Any CPU
		{78532DF2-5958-4D30-AD7C-8585AA50A942}.Release|Any CPU.Build.0 = Release|Any CPU
		{E03EE291-8A87-4349-8062-D091E3B4ED76}.Debug|Any CPU.ActiveCfg = Debug|Any CPU
		{E03EE291-8A87-4349-8062-D091E3B4ED76}.Debug|Any CPU.Build.0 = Debug|Any CPU
		{E03EE291-8A87-4349-8062-D091E3B4ED76}.Release|Any CPU.ActiveCfg = Release|Any CPU
		{E03EE291-8A87-4349-8062-D091E3B4ED76}.Release|Any CPU.Build.0 = Release|Any CPU
		{AD80862B-C50B-4617-B358-65191398C5F0}.Debug|Any CPU.ActiveCfg = Debug|Any CPU
		{AD80862B-C50B-4617-B358-65191398C5F0}.Debug|Any CPU.Build.0 = Debug|Any CPU
		{AD80862B-C50B-4617-B358-65191398C5F0}.Release|Any CPU.ActiveCfg = Release|Any CPU
		{AD80862B-C50B-4617-B358-65191398C5F0}.Release|Any CPU.Build.0 = Release|Any CPU
		{E7861554-29C4-4E1A-B3AE-5ED0BF309AD4}.Debug|Any CPU.ActiveCfg = Debug|Any CPU
		{E7861554-29C4-4E1A-B3AE-5ED0BF309AD4}.Debug|Any CPU.Build.0 = Debug|Any CPU
		{E7861554-29C4-4E1A-B3AE-5ED0BF309AD4}.Release|Any CPU.ActiveCfg = Release|Any CPU
		{E7861554-29C4-4E1A-B3AE-5ED0BF309AD4}.Release|Any CPU.Build.0 = Release|Any CPU
		{8AA2E66B-7D81-4F71-96A6-276CFFB089C0}.Debug|Any CPU.ActiveCfg = Debug|Any CPU
		{8AA2E66B-7D81-4F71-96A6-276CFFB089C0}.Debug|Any CPU.Build.0 = Debug|Any CPU
		{8AA2E66B-7D81-4F71-96A6-276CFFB089C0}.Release|Any CPU.ActiveCfg = Release|Any CPU
		{8AA2E66B-7D81-4F71-96A6-276CFFB089C0}.Release|Any CPU.Build.0 = Release|Any CPU
		{6B785928-C286-4B9D-B0DA-382731AEF524}.Debug|Any CPU.ActiveCfg = Debug|Any CPU
		{6B785928-C286-4B9D-B0DA-382731AEF524}.Debug|Any CPU.Build.0 = Debug|Any CPU
		{6B785928-C286-4B9D-B0DA-382731AEF524}.Release|Any CPU.ActiveCfg = Release|Any CPU
		{6B785928-C286-4B9D-B0DA-382731AEF524}.Release|Any CPU.Build.0 = Release|Any CPU
		{43D8D1D1-4E48-4D0E-94AB-276EBAC117CB}.Debug|Any CPU.ActiveCfg = Debug|Any CPU
		{43D8D1D1-4E48-4D0E-94AB-276EBAC117CB}.Debug|Any CPU.Build.0 = Debug|Any CPU
		{43D8D1D1-4E48-4D0E-94AB-276EBAC117CB}.Release|Any CPU.ActiveCfg = Release|Any CPU
		{43D8D1D1-4E48-4D0E-94AB-276EBAC117CB}.Release|Any CPU.Build.0 = Release|Any CPU
		{1112252D-DB87-4799-BFA7-10EDE5CB6A70}.Debug|Any CPU.ActiveCfg = Debug|Any CPU
		{1112252D-DB87-4799-BFA7-10EDE5CB6A70}.Debug|Any CPU.Build.0 = Debug|Any CPU
		{1112252D-DB87-4799-BFA7-10EDE5CB6A70}.Release|Any CPU.ActiveCfg = Release|Any CPU
		{1112252D-DB87-4799-BFA7-10EDE5CB6A70}.Release|Any CPU.Build.0 = Release|Any CPU
		{AAC6BF42-F50D-48E2-9C43-B50A462CF74B}.Debug|Any CPU.ActiveCfg = Debug|Any CPU
		{AAC6BF42-F50D-48E2-9C43-B50A462CF74B}.Debug|Any CPU.Build.0 = Debug|Any CPU
		{AAC6BF42-F50D-48E2-9C43-B50A462CF74B}.Release|Any CPU.ActiveCfg = Release|Any CPU
		{AAC6BF42-F50D-48E2-9C43-B50A462CF74B}.Release|Any CPU.Build.0 = Release|Any CPU
		{BBEB063D-0F18-4F1D-8179-35FFFB89ED60}.Debug|Any CPU.ActiveCfg = Debug|Any CPU
		{BBEB063D-0F18-4F1D-8179-35FFFB89ED60}.Debug|Any CPU.Build.0 = Debug|Any CPU
		{BBEB063D-0F18-4F1D-8179-35FFFB89ED60}.Release|Any CPU.ActiveCfg = Release|Any CPU
		{BBEB063D-0F18-4F1D-8179-35FFFB89ED60}.Release|Any CPU.Build.0 = Release|Any CPU
		{C8D6F784-ADCD-4C47-8403-76F0E04E833E}.Debug|Any CPU.ActiveCfg = Debug|Any CPU
		{C8D6F784-ADCD-4C47-8403-76F0E04E833E}.Debug|Any CPU.Build.0 = Debug|Any CPU
		{C8D6F784-ADCD-4C47-8403-76F0E04E833E}.Release|Any CPU.ActiveCfg = Release|Any CPU
		{C8D6F784-ADCD-4C47-8403-76F0E04E833E}.Release|Any CPU.Build.0 = Release|Any CPU
		{0D5CDBD5-499B-45B2-9A35-324884433709}.Debug|Any CPU.ActiveCfg = Debug|Any CPU
		{0D5CDBD5-499B-45B2-9A35-324884433709}.Debug|Any CPU.Build.0 = Debug|Any CPU
		{0D5CDBD5-499B-45B2-9A35-324884433709}.Release|Any CPU.ActiveCfg = Release|Any CPU
		{0D5CDBD5-499B-45B2-9A35-324884433709}.Release|Any CPU.Build.0 = Release|Any CPU
		{D46AF283-D538-4D3C-BDD7-33AAFD1395BD}.Debug|Any CPU.ActiveCfg = Debug|Any CPU
		{D46AF283-D538-4D3C-BDD7-33AAFD1395BD}.Debug|Any CPU.Build.0 = Debug|Any CPU
		{D46AF283-D538-4D3C-BDD7-33AAFD1395BD}.Release|Any CPU.ActiveCfg = Release|Any CPU
		{D46AF283-D538-4D3C-BDD7-33AAFD1395BD}.Release|Any CPU.Build.0 = Release|Any CPU
	EndGlobalSection
EndGlobal
