{
  "version": 2,
  "dependencies": {
    "net10.0-windows10.0.19041": {
      "vrrecorder.application": {
        "type": "Project",
        "dependencies": {
          "VRRecorder.Domain": "[1.0.0, )"
        }
      },
      "vrrecorder.compliance": {
        "type": "Project",
        "dependencies": {
          "VRRecorder.Application": "[1.0.0, )"
        }
      },
      "vrrecorder.designsystem": {
        "type": "Project"
      },
      "vrrecorder.domain": {
        "type": "Project"
      },
      "vrrecorder.infrastructure.steamvr": {
        "type": "Project",
        "dependencies": {
          "VRRecorder.DesignSystem": "[1.0.0, )"
        }
      }
    },
    "net10.0-windows10.0.19041/win-x64": {}
  }
}